
Microsoft Visual Studio Solution File, Format Version 12.00
# Visual Studio Version 17
VisualStudioVersion = 17.5.33627.172
MinimumVisualStudioVersion = 10.0.40219.1
Project("{FAE04EC0-301F-11D3-BF4B-00C04F79EFBC}") = "EmplyeeTracking", "EmplyeeTracking.csproj", "{39A63EA1-EE9C-45AE-A7DE-433FD9CAE99A}"
EndProject
Project("{FAE04EC0-301F-11D3-BF4B-00C04F79EFBC}") = "DAL", "..\DAL\DAL.csproj", "{B5575E09-62D2-4671-A564-4CE8CF524025}"
EndProject
Project("{FAE04EC0-301F-11D3-BF4B-00C04F79EFBC}") = "BLL", "..\BLL\BLL.csproj", "{F07B0956-3E6A-4753-AB06-AED673BF73D2}"
EndProject
Global
	GlobalSection(SolutionConfigurationPlatforms) = preSolution
		Debug|Any CPU = Debug|Any CPU
		Release|Any CPU = Release|Any CPU
	EndGlobalSection
	GlobalSection(ProjectConfigurationPlatforms) = postSolution
		{39A63EA1-EE9C-45AE-A7DE-433FD9CAE99A}.Debug|Any CPU.ActiveCfg = Debug|Any CPU
		{39A63EA1-EE9C-45AE-A7DE-433FD9CAE99A}.Debug|Any CPU.Build.0 = Debug|Any CPU
		{39A63EA1-EE9C-45AE-A7DE-433FD9CAE99A}.Release|Any CPU.ActiveCfg = Release|Any CPU
		{39A63EA1-EE9C-45AE-A7DE-433FD9CAE99A}.Release|Any CPU.Build.0 = Release|Any CPU
		{B5575E09-62D2-4671-A564-4CE8CF524025}.Debug|Any CPU.ActiveCfg = Debug|Any CPU
		{B5575E09-62D2-4671-A564-4CE8CF524025}.Debug|Any CPU.Build.0 = Debug|Any CPU
		{B5575E09-62D2-4671-A564-4CE8CF524025}.Release|Any CPU.ActiveCfg = Release|Any CPU
		{B5575E09-62D2-4671-A564-4CE8CF524025}.Release|Any CPU.Build.0 = Release|Any CPU
		{F07B0956-3E6A-4753-AB06-AED673BF73D2}.Debug|Any CPU.ActiveCfg = Debug|Any CPU
		{F07B0956-3E6A-4753-AB06-AED673BF73D2}.Debug|Any CPU.Build.0 = Debug|Any CPU
		{F07B0956-3E6A-4753-AB06-AED673BF73D2}.Release|Any CPU.ActiveCfg = Release|Any CPU
		{F07B0956-3E6A-4753-AB06-AED673BF73D2}.Release|Any CPU.Build.0 = Release|Any CPU
	EndGlobalSection
	GlobalSection(SolutionProperties) = preSolution
		HideSolutionNode = FALSE
	EndGlobalSection
	GlobalSection(ExtensibilityGlobals) = postSolution
		SolutionGuid = {5A514129-A379-429B-8032-BB4386E430BA}
	EndGlobalSection
EndGlobal
